
Microsoft Visual Studio Solution File, Format Version 12.00
# Visual Studio Version 17
VisualStudioVersion = 17.9.34616.47
MinimumVisualStudioVersion = 10.0.40219.1
Project("{FAE04EC0-301F-11D3-BF4B-00C04F79EFBC}") = "Menu", "Menu\Menu.csproj", "{1F107420-1C74-4072-A521-35A7544A145F}"
EndProject
Global
	GlobalSection(SolutionConfigurationPlatforms) = preSolution
		Debug|Any CPU = Debug|Any CPU
		Release|Any CPU = Release|Any CPU
	EndGlobalSection
	GlobalSection(ProjectConfigurationPlatforms) = postSolution
		{1F107420-1C74-4072-A521-35A7544A145F}.Debug|Any CPU.ActiveCfg = Debug|Any CPU
		{1F107420-1C74-4072-A521-35A7544A145F}.Debug|Any CPU.Build.0 = Debug|Any CPU
		{1F107420-1C74-4072-A521-35A7544A145F}.Release|Any CPU.ActiveCfg = Release|Any CPU
		{1F107420-1C74-4072-A521-35A7544A145F}.Release|Any CPU.Build.0 = Release|Any CPU
	EndGlobalSection
	GlobalSection(SolutionProperties) = preSolution
		HideSolutionNode = FALSE
	EndGlobalSection
	GlobalSection(ExtensibilityGlobals) = postSolution
		SolutionGuid = {A3240B51-375F-433E-86E6-B2964ECD485E}
	EndGlobalSection
EndGlobal
